
Microsoft Visual Studio Solution File, Format Version 12.00
# Visual Studio 15
VisualStudioVersion = 15.0.28307.1209
MinimumVisualStudioVersion = 10.0.40219.1
Project("{8BC9CEB8-8B4A-11D0-8D11-00A0C91BC942}") = "Lab1-1", "Lab1-1\Lab1-1.vcxproj", "{4D4859EF-D4D5-4FD7-BFAC-C8C61CBADFE5}"
EndProject
Global
	GlobalSection(SolutionConfigurationPlatforms) = preSolution
		Debug|x64 = Debug|x64
		Debug|x86 = Debug|x86
		Release|x64 = Release|x64
		Release|x86 = Release|x86
	EndGlobalSection
	GlobalSection(ProjectConfigurationPlatforms) = postSolution
		{4D4859EF-D4D5-4FD7-BFAC-C8C61CBADFE5}.Debug|x64.ActiveCfg = Debug|x64
		{4D4859EF-D4D5-4FD7-BFAC-C8C61CBADFE5}.Debug|x64.Build.0 = Debug|x64
		{4D4859EF-D4D5-4FD7-BFAC-C8C61CBADFE5}.Debug|x86.ActiveCfg = Debug|Win32
		{4D4859EF-D4D5-4FD7-BFAC-C8C61CBADFE5}.Debug|x86.Build.0 = Debug|Win32
		{4D4859EF-D4D5-4FD7-BFAC-C8C61CBADFE5}.Release|x64.ActiveCfg = Release|x64
		{4D4859EF-D4D5-4FD7-BFAC-C8C61CBADFE5}.Release|x64.Build.0 = Release|x64
		{4D4859EF-D4D5-4FD7-BFAC-C8C61CBADFE5}.Release|x86.ActiveCfg = Release|Win32
		{4D4859EF-D4D5-4FD7-BFAC-C8C61CBADFE5}.Release|x86.Build.0 = Release|Win32
	EndGlobalSection
	GlobalSection(SolutionProperties) = preSolution
		HideSolutionNode = FALSE
	EndGlobalSection
	GlobalSection(ExtensibilityGlobals) = postSolution
		SolutionGuid = {55FE4859-3B09-4F06-BEB2-AB6A4C4E19E3}
	EndGlobalSection
EndGlobal
